
Microsoft Visual Studio Solution File, Format Version 12.00
# Visual Studio Version 17
VisualStudioVersion = 17.10.34928.147
MinimumVisualStudioVersion = 10.0.40219.1
Project("{FAE04EC0-301F-11D3-BF4B-00C04F79EFBC}") = "WinFormsApp2", "WinFormsApp2\WinFormsApp2.csproj", "{BB7E64CE-3492-48BA-8464-B0F62E4FA1E4}"
EndProject
Global
	GlobalSection(SolutionConfigurationPlatforms) = preSolution
		Debug|Any CPU = Debug|Any CPU
		Release|Any CPU = Release|Any CPU
	EndGlobalSection
	GlobalSection(ProjectConfigurationPlatforms) = postSolution
		{BB7E64CE-3492-48BA-8464-B0F62E4FA1E4}.Debug|Any CPU.ActiveCfg = Debug|Any CPU
		{BB7E64CE-3492-48BA-8464-B0F62E4FA1E4}.Debug|Any CPU.Build.0 = Debug|Any CPU
		{BB7E64CE-3492-48BA-8464-B0F62E4FA1E4}.Release|Any CPU.ActiveCfg = Release|Any CPU
		{BB7E64CE-3492-48BA-8464-B0F62E4FA1E4}.Release|Any CPU.Build.0 = Release|Any CPU
	EndGlobalSection
	GlobalSection(SolutionProperties) = preSolution
		HideSolutionNode = FALSE
	EndGlobalSection
	GlobalSection(ExtensibilityGlobals) = postSolution
		SolutionGuid = {1764896A-D886-4A4D-A376-7F2C1B6FD469}
	EndGlobalSection
EndGlobal
